
Microsoft Visual Studio Solution File, Format Version 12.00
# Visual Studio Version 17
VisualStudioVersion = 17.3.32901.215
MinimumVisualStudioVersion = 10.0.40219.1
Project("{9A19103F-16F7-4668-BE54-9A1E7A4F7556}") = "Entidades", "Entidades\Entidades.csproj", "{DDFA94FC-18F5-4488-91CC-1764788918D8}"
EndProject
Project("{9A19103F-16F7-4668-BE54-9A1E7A4F7556}") = "FormsPrueba", "FormsPrueba\FormsPrueba.csproj", "{746A9409-5608-471D-8BF5-82FC13680D2C}"
EndProject
Project("{FAE04EC0-301F-11D3-BF4B-00C04F79EFBC}") = "FormsUI", "FormsUI\FormsUI.csproj", "{3C22142E-C57C-46B2-A412-24B20F6519B9}"
EndProject
Global
	GlobalSection(SolutionConfigurationPlatforms) = preSolution
		Debug|Any CPU = Debug|Any CPU
		Release|Any CPU = Release|Any CPU
	EndGlobalSection
	GlobalSection(ProjectConfigurationPlatforms) = postSolution
		{DDFA94FC-18F5-4488-91CC-1764788918D8}.Debug|Any CPU.ActiveCfg = Debug|Any CPU
		{DDFA94FC-18F5-4488-91CC-1764788918D8}.Debug|Any CPU.Build.0 = Debug|Any CPU
		{DDFA94FC-18F5-4488-91CC-1764788918D8}.Release|Any CPU.ActiveCfg = Release|Any CPU
		{DDFA94FC-18F5-4488-91CC-1764788918D8}.Release|Any CPU.Build.0 = Release|Any CPU
		{746A9409-5608-471D-8BF5-82FC13680D2C}.Debug|Any CPU.ActiveCfg = Debug|Any CPU
		{746A9409-5608-471D-8BF5-82FC13680D2C}.Debug|Any CPU.Build.0 = Debug|Any CPU
		{746A9409-5608-471D-8BF5-82FC13680D2C}.Release|Any CPU.ActiveCfg = Release|Any CPU
		{746A9409-5608-471D-8BF5-82FC13680D2C}.Release|Any CPU.Build.0 = Release|Any CPU
		{3C22142E-C57C-46B2-A412-24B20F6519B9}.Debug|Any CPU.ActiveCfg = Debug|Any CPU
		{3C22142E-C57C-46B2-A412-24B20F6519B9}.Debug|Any CPU.Build.0 = Debug|Any CPU
		{3C22142E-C57C-46B2-A412-24B20F6519B9}.Release|Any CPU.ActiveCfg = Release|Any CPU
		{3C22142E-C57C-46B2-A412-24B20F6519B9}.Release|Any CPU.Build.0 = Release|Any CPU
	EndGlobalSection
	GlobalSection(SolutionProperties) = preSolution
		HideSolutionNode = FALSE
	EndGlobalSection
	GlobalSection(ExtensibilityGlobals) = postSolution
		SolutionGuid = {56365DBA-D1CF-49D5-A20C-0EAC7C824BCA}
	EndGlobalSection
EndGlobal
